
Microsoft Visual Studio Solution File, Format Version 12.00
# Visual Studio Version 17
VisualStudioVersion = 17.0.32112.339
MinimumVisualStudioVersion = 10.0.40219.1
Project("{FAE04EC0-301F-11D3-BF4B-00C04F79EFBC}") = "PM02E10130.Android", "PM02E10130\PM02E10130.Android\PM02E10130.Android.csproj", "{5A4BF556-1B40-4CF5-8CA9-82BB2B763347}"
EndProject
Project("{FAE04EC0-301F-11D3-BF4B-00C04F79EFBC}") = "PM02E10130.iOS", "PM02E10130\PM02E10130.iOS\PM02E10130.iOS.csproj", "{52A37943-7D14-477D-8A6E-7CCA49979853}"
EndProject
Project("{FAE04EC0-301F-11D3-BF4B-00C04F79EFBC}") = "PM02E10130", "PM02E10130\PM02E10130\PM02E10130.csproj", "{C65CD522-0C24-4361-985D-098C1874839F}"
EndProject
Global
	GlobalSection(SolutionConfigurationPlatforms) = preSolution
		Debug|Any CPU = Debug|Any CPU
		Debug|iPhone = Debug|iPhone
		Debug|iPhoneSimulator = Debug|iPhoneSimulator
		Release|Any CPU = Release|Any CPU
		Release|iPhone = Release|iPhone
		Release|iPhoneSimulator = Release|iPhoneSimulator
	EndGlobalSection
	GlobalSection(ProjectConfigurationPlatforms) = postSolution
		{5A4BF556-1B40-4CF5-8CA9-82BB2B763347}.Debug|Any CPU.ActiveCfg = Debug|Any CPU
		{5A4BF556-1B40-4CF5-8CA9-82BB2B763347}.Debug|Any CPU.Build.0 = Debug|Any CPU
		{5A4BF556-1B40-4CF5-8CA9-82BB2B763347}.Debug|Any CPU.Deploy.0 = Debug|Any CPU
		{5A4BF556-1B40-4CF5-8CA9-82BB2B763347}.Debug|iPhone.ActiveCfg = Debug|Any CPU
		{5A4BF556-1B40-4CF5-8CA9-82BB2B763347}.Debug|iPhone.Build.0 = Debug|Any CPU
		{5A4BF556-1B40-4CF5-8CA9-82BB2B763347}.Debug|iPhone.Deploy.0 = Debug|Any CPU
		{5A4BF556-1B40-4CF5-8CA9-82BB2B763347}.Debug|iPhoneSimulator.ActiveCfg = Debug|Any CPU
		{5A4BF556-1B40-4CF5-8CA9-82BB2B763347}.Debug|iPhoneSimulator.Build.0 = Debug|Any CPU
		{5A4BF556-1B40-4CF5-8CA9-82BB2B763347}.Debug|iPhoneSimulator.Deploy.0 = Debug|Any CPU
		{5A4BF556-1B40-4CF5-8CA9-82BB2B763347}.Release|Any CPU.ActiveCfg = Release|Any CPU
		{5A4BF556-1B40-4CF5-8CA9-82BB2B763347}.Release|Any CPU.Build.0 = Release|Any CPU
		{5A4BF556-1B40-4CF5-8CA9-82BB2B763347}.Release|Any CPU.Deploy.0 = Release|Any CPU
		{5A4BF556-1B40-4CF5-8CA9-82BB2B763347}.Release|iPhone.ActiveCfg = Release|Any CPU
		{5A4BF556-1B40-4CF5-8CA9-82BB2B763347}.Release|iPhone.Build.0 = Release|Any CPU
		{5A4BF556-1B40-4CF5-8CA9-82BB2B763347}.Release|iPhone.Deploy.0 = Release|Any CPU
		{5A4BF556-1B40-4CF5-8CA9-82BB2B763347}.Release|iPhoneSimulator.ActiveCfg = Release|Any CPU
		{5A4BF556-1B40-4CF5-8CA9-82BB2B763347}.Release|iPhoneSimulator.Build.0 = Release|Any CPU
		{5A4BF556-1B40-4CF5-8CA9-82BB2B763347}.Release|iPhoneSimulator.Deploy.0 = Release|Any CPU
		{52A37943-7D14-477D-8A6E-7CCA49979853}.Debug|Any CPU.ActiveCfg = Debug|iPhone
		{52A37943-7D14-477D-8A6E-7CCA49979853}.Debug|Any CPU.Build.0 = Debug|iPhone
		{52A37943-7D14-477D-8A6E-7CCA49979853}.Debug|Any CPU.Deploy.0 = Debug|iPhone
		{52A37943-7D14-477D-8A6E-7CCA49979853}.Debug|iPhone.ActiveCfg = Debug|iPhone
		{52A37943-7D14-477D-8A6E-7CCA49979853}.Debug|iPhone.Build.0 = Debug|iPhone
		{52A37943-7D14-477D-8A6E-7CCA49979853}.Debug|iPhone.Deploy.0 = Debug|iPhone
		{52A37943-7D14-477D-8A6E-7CCA49979853}.Debug|iPhoneSimulator.ActiveCfg = Debug|iPhoneSimulator
		{52A37943-7D14-477D-8A6E-7CCA49979853}.Debug|iPhoneSimulator.Build.0 = Debug|iPhoneSimulator
		{52A37943-7D14-477D-8A6E-7CCA49979853}.Debug|iPhoneSimulator.Deploy.0 = Debug|iPhoneSimulator
		{52A37943-7D14-477D-8A6E-7CCA49979853}.Release|Any CPU.ActiveCfg = Release|iPhoneSimulator
		{52A37943-7D14-477D-8A6E-7CCA49979853}.Release|Any CPU.Build.0 = Release|iPhoneSimulator
		{52A37943-7D14-477D-8A6E-7CCA49979853}.Release|Any CPU.Deploy.0 = Release|iPhoneSimulator
		{52A37943-7D14-477D-8A6E-7CCA49979853}.Release|iPhone.ActiveCfg = Release|iPhone
		{52A37943-7D14-477D-8A6E-7CCA49979853}.Release|iPhone.Build.0 = Release|iPhone
		{52A37943-7D14-477D-8A6E-7CCA49979853}.Release|iPhone.Deploy.0 = Release|iPhone
		{52A37943-7D14-477D-8A6E-7CCA49979853}.Release|iPhoneSimulator.ActiveCfg = Release|iPhoneSimulator
		{52A37943-7D14-477D-8A6E-7CCA49979853}.Release|iPhoneSimulator.Build.0 = Release|iPhoneSimulator
		{52A37943-7D14-477D-8A6E-7CCA49979853}.Release|iPhoneSimulator.Deploy.0 = Release|iPhoneSimulator
		{C65CD522-0C24-4361-985D-098C1874839F}.Debug|Any CPU.ActiveCfg = Debug|Any CPU
		{C65CD522-0C24-4361-985D-098C1874839F}.Debug|Any CPU.Build.0 = Debug|Any CPU
		{C65CD522-0C24-4361-985D-098C1874839F}.Debug|Any CPU.Deploy.0 = Debug|Any CPU
		{C65CD522-0C24-4361-985D-098C1874839F}.Debug|iPhone.ActiveCfg = Debug|Any CPU
		{C65CD522-0C24-4361-985D-098C1874839F}.Debug|iPhone.Build.0 = Debug|Any CPU
		{C65CD522-0C24-4361-985D-098C1874839F}.Debug|iPhone.Deploy.0 = Debug|Any CPU
		{C65CD522-0C24-4361-985D-098C1874839F}.Debug|iPhoneSimulator.ActiveCfg = Debug|Any CPU
		{C65CD522-0C24-4361-985D-098C1874839F}.Debug|iPhoneSimulator.Build.0 = Debug|Any CPU
		{C65CD522-0C24-4361-985D-098C1874839F}.Debug|iPhoneSimulator.Deploy.0 = Debug|Any CPU
		{C65CD522-0C24-4361-985D-098C1874839F}.Release|Any CPU.ActiveCfg = Release|Any CPU
		{C65CD522-0C24-4361-985D-098C1874839F}.Release|Any CPU.Build.0 = Release|Any CPU
		{C65CD522-0C24-4361-985D-098C1874839F}.Release|Any CPU.Deploy.0 = Release|Any CPU
		{C65CD522-0C24-4361-985D-098C1874839F}.Release|iPhone.ActiveCfg = Release|Any CPU
		{C65CD522-0C24-4361-985D-098C1874839F}.Release|iPhone.Build.0 = Release|Any CPU
		{C65CD522-0C24-4361-985D-098C1874839F}.Release|iPhone.Deploy.0 = Release|Any CPU
		{C65CD522-0C24-4361-985D-098C1874839F}.Release|iPhoneSimulator.ActiveCfg = Release|Any CPU
		{C65CD522-0C24-4361-985D-098C1874839F}.Release|iPhoneSimulator.Build.0 = Release|Any CPU
		{C65CD522-0C24-4361-985D-098C1874839F}.Release|iPhoneSimulator.Deploy.0 = Release|Any CPU
	EndGlobalSection
	GlobalSection(SolutionProperties) = preSolution
		HideSolutionNode = FALSE
	EndGlobalSection
	GlobalSection(ExtensibilityGlobals) = postSolution
		SolutionGuid = {EFE6D143-AF0A-4432-A220-83A99D6A47C2}
	EndGlobalSection
EndGlobal
